# THIS IS AN AUTOGENERATED FILE. DO NOT EDIT THIS FILE DIRECTLY.
# yarn lockfile v1


"@keeex/eslint-config@^1.8.2":
  version "1.8.2"
  resolved "https://registry.yarnpkg.com/@keeex/eslint-config/-/eslint-config-1.8.2.tgz#bd1e6fc9b7f6e113b35e49a72a7728494d4995cb"
  integrity sha512-Qt1xlwwZl67DLoRrWVGyasb5y1GkugKuakmun2LlmBYyeQL38CljE9fdE0eKC+37rRbxBZDfPuJdqMxYcyBIAA==
