# THIS IS AN AUTOGENERATED FILE. DO NOT EDIT THIS FILE DIRECTLY.
# yarn lockfile v1


"@keeex/eslint-config@^1.9.3":
  version "1.9.3"
  resolved "https://registry.yarnpkg.com/@keeex/eslint-config/-/eslint-config-1.9.3.tgz#c52fa1184b868f614a79f0ea5c2e1dcfcaa871c4"
  integrity sha512-hFfk0tQBKZrT1XZU+ltJf5G6fuJStaFUZBPyIg8AQPAsaTV9tHVnjz/z6KeWDk+7IlmaqMPkg9H2axbq/BQPWQ==
